{
  "name": "@rbxts/net",
  "version": "1.0.4",
  "lockfileVersion": 1,
  "requires": true,
  "dependencies": {
    "@rbxts/types": {
      "version": "1.0.196",
      "resolved": "https://registry.npmjs.org/@rbxts/types/-/types-1.0.196.tgz",
      "integrity": "sha512-yAZvU4zPaL/HmpjF5n8Q0QaPFfMmsYJkBde8vrA+/wW5IxcIOYrpnPI7MpK6epbPG4AAw2MTerU9wyJJn4LV4Q==",
      "dev": true
    }
  }
}
