{
  "name": "@rbxts/net",
  "version": "1.0.7",
  "lockfileVersion": 1,
  "requires": true,
  "dependencies": {
    "@rbxts/types": {
      "version": "1.0.210",
      "resolved": "https://registry.npmjs.org/@rbxts/types/-/types-1.0.210.tgz",
      "integrity": "sha512-i1MMABrXfUEbgRK3M+s/PMZNJfHGoRx/94nlwZTxuyXn8+ItpeAMrsQgVjWxrAL11LZK8V5Cmnjg4QWUG03UOg==",
      "dev": true
    }
  }
}
