{
  "name": "@rbxts/net",
  "version": "1.0.13",
  "lockfileVersion": 1,
  "requires": true,
  "dependencies": {
    "@rbxts/types": {
      "version": "1.0.235",
      "resolved": "https://registry.npmjs.org/@rbxts/types/-/types-1.0.235.tgz",
      "integrity": "sha512-6mHaM/el5/xHuzq1ECjXRuPq8iFsfO/7x7FoTdICD6b3ABUgvcOsNx+2txS2+MiE3QAGkMdybWS7RJ+slp9APQ==",
      "dev": true
    }
  }
}
